
Microsoft Visual Studio Solution File, Format Version 9.00
# Visual Studio 2005
Project("{8BC9CEB8-8B4A-11D0-8D11-00A0C91BC942}") = "gradspusk", "gradspusk.vcproj", "{2E76353F-18ED-4E49-9AC1-97D0F393E230}"
EndProject
Global
	GlobalSection(SolutionConfigurationPlatforms) = preSolution
		Debug|Win32 = Debug|Win32
		Release|Win32 = Release|Win32
	EndGlobalSection
	GlobalSection(ProjectConfigurationPlatforms) = postSolution
		{2E76353F-18ED-4E49-9AC1-97D0F393E230}.Debug|Win32.ActiveCfg = Debug|Win32
		{2E76353F-18ED-4E49-9AC1-97D0F393E230}.Debug|Win32.Build.0 = Debug|Win32
		{2E76353F-18ED-4E49-9AC1-97D0F393E230}.Release|Win32.ActiveCfg = Release|Win32
		{2E76353F-18ED-4E49-9AC1-97D0F393E230}.Release|Win32.Build.0 = Release|Win32
	EndGlobalSection
	GlobalSection(SolutionProperties) = preSolution
		HideSolutionNode = FALSE
	EndGlobalSection
EndGlobal
