Microsoft Visual Studio Solution File, Format Version 9.00
# Visual Studio 2005
Project("{8BC9CEB8-8B4A-11D0-8D11-00A0C91BC942}") = "DenoisingTest", "DenoisingTest.vcproj", "{F8B1FF81-56AD-4727-A953-F4807FE8CDD3}"
EndProject
Project("{8BC9CEB8-8B4A-11D0-8D11-00A0C91BC942}") = "Denoising", "Denoising.vcproj", "{96B172DE-17DF-4EA8-A995-825B570122F2}"
EndProject
Global
	GlobalSection(SolutionConfigurationPlatforms) = preSolution
		Debug|Win32 = Debug|Win32
		Release|Win32 = Release|Win32
		Straight|Win32 = Straight|Win32
	EndGlobalSection
	GlobalSection(ProjectConfigurationPlatforms) = postSolution
		{F8B1FF81-56AD-4727-A953-F4807FE8CDD3}.Debug|Win32.ActiveCfg = Debug|Win32
		{F8B1FF81-56AD-4727-A953-F4807FE8CDD3}.Debug|Win32.Build.0 = Debug|Win32
		{F8B1FF81-56AD-4727-A953-F4807FE8CDD3}.Release|Win32.ActiveCfg = Release|Win32
		{F8B1FF81-56AD-4727-A953-F4807FE8CDD3}.Release|Win32.Build.0 = Release|Win32
		{F8B1FF81-56AD-4727-A953-F4807FE8CDD3}.Straight|Win32.ActiveCfg = Release|Win32
		{F8B1FF81-56AD-4727-A953-F4807FE8CDD3}.Straight|Win32.Build.0 = Release|Win32
		{96B172DE-17DF-4EA8-A995-825B570122F2}.Debug|Win32.ActiveCfg = Debug|Win32
		{96B172DE-17DF-4EA8-A995-825B570122F2}.Debug|Win32.Build.0 = Debug|Win32
		{96B172DE-17DF-4EA8-A995-825B570122F2}.Release|Win32.ActiveCfg = Release|Win32
		{96B172DE-17DF-4EA8-A995-825B570122F2}.Release|Win32.Build.0 = Release|Win32
		{96B172DE-17DF-4EA8-A995-825B570122F2}.Straight|Win32.ActiveCfg = Release|Win32
		{96B172DE-17DF-4EA8-A995-825B570122F2}.Straight|Win32.Build.0 = Release|Win32
	EndGlobalSection
	GlobalSection(SolutionProperties) = preSolution
		HideSolutionNode = FALSE
	EndGlobalSection
EndGlobal
