
Microsoft Visual Studio Solution File, Format Version 9.00
# Visual Studio 2005
Project("{8BC9CEB8-8B4A-11D0-8D11-00A0C91BC942}") = "hash", "hash.vcproj", "{239AE0D1-16A1-4903-927A-55D2C421FAA8}"
EndProject
Project("{8BC9CEB8-8B4A-11D0-8D11-00A0C91BC942}") = "sha224test", "sha224test.vcproj", "{5954FED8-0157-4CFC-8F3B-6611E1BB384D}"
EndProject
Global
	GlobalSection(SolutionConfigurationPlatforms) = preSolution
		Debug|Win32 = Debug|Win32
		Release|Win32 = Release|Win32
	EndGlobalSection
	GlobalSection(ProjectConfigurationPlatforms) = postSolution
		{239AE0D1-16A1-4903-927A-55D2C421FAA8}.Debug|Win32.ActiveCfg = Debug|Win32
		{239AE0D1-16A1-4903-927A-55D2C421FAA8}.Debug|Win32.Build.0 = Debug|Win32
		{239AE0D1-16A1-4903-927A-55D2C421FAA8}.Release|Win32.ActiveCfg = Release|Win32
		{239AE0D1-16A1-4903-927A-55D2C421FAA8}.Release|Win32.Build.0 = Release|Win32
		{5954FED8-0157-4CFC-8F3B-6611E1BB384D}.Debug|Win32.ActiveCfg = Debug|Win32
		{5954FED8-0157-4CFC-8F3B-6611E1BB384D}.Debug|Win32.Build.0 = Debug|Win32
		{5954FED8-0157-4CFC-8F3B-6611E1BB384D}.Release|Win32.ActiveCfg = Release|Win32
		{5954FED8-0157-4CFC-8F3B-6611E1BB384D}.Release|Win32.Build.0 = Release|Win32
	EndGlobalSection
	GlobalSection(SolutionProperties) = preSolution
		HideSolutionNode = FALSE
	EndGlobalSection
EndGlobal
