
Microsoft Visual Studio Solution File, Format Version 9.00
# Visual Studio 2005
Project("{8BC9CEB8-8B4A-11D0-8D11-00A0C91BC942}") = "Katobobrhk", "KatobobrHk\Katobobrhk.vcproj", "{75C2EE87-15B7-478D-B749-30EEE981ECC5}"
EndProject
Project("{8BC9CEB8-8B4A-11D0-8D11-00A0C91BC942}") = "KatobobrSrv", "KatobobrSrv\KatobobrSrv.vcproj", "{CCA728E7-E4F4-4B65-BA24-5A01AF3395F6}"
EndProject
Global
	GlobalSection(SolutionConfigurationPlatforms) = preSolution
		Debug|Win32 = Debug|Win32
		Release|Win32 = Release|Win32
	EndGlobalSection
	GlobalSection(ProjectConfigurationPlatforms) = postSolution
		{75C2EE87-15B7-478D-B749-30EEE981ECC5}.Debug|Win32.ActiveCfg = Debug|Win32
		{75C2EE87-15B7-478D-B749-30EEE981ECC5}.Debug|Win32.Build.0 = Debug|Win32
		{75C2EE87-15B7-478D-B749-30EEE981ECC5}.Release|Win32.ActiveCfg = Release|Win32
		{75C2EE87-15B7-478D-B749-30EEE981ECC5}.Release|Win32.Build.0 = Release|Win32
		{CCA728E7-E4F4-4B65-BA24-5A01AF3395F6}.Debug|Win32.ActiveCfg = Debug|Win32
		{CCA728E7-E4F4-4B65-BA24-5A01AF3395F6}.Debug|Win32.Build.0 = Debug|Win32
		{CCA728E7-E4F4-4B65-BA24-5A01AF3395F6}.Release|Win32.ActiveCfg = Release|Win32
		{CCA728E7-E4F4-4B65-BA24-5A01AF3395F6}.Release|Win32.Build.0 = Release|Win32
	EndGlobalSection
	GlobalSection(SolutionProperties) = preSolution
		HideSolutionNode = FALSE
	EndGlobalSection
EndGlobal
