
Microsoft Visual Studio Solution File, Format Version 9.00
# Visual Studio 2005
Project("{8BC9CEB8-8B4A-11D0-8D11-00A0C91BC942}") = "panama", "Panama.vcproj", "{B12AF616-22BC-4E7F-BBC2-BAD28C275E62}"
EndProject
Project("{8BC9CEB8-8B4A-11D0-8D11-00A0C91BC942}") = "panama40", "panama40.vcproj", "{38AF65D0-1BE0-485C-8ED8-F9E31DD80B87}"
EndProject
Global
	GlobalSection(SolutionConfigurationPlatforms) = preSolution
		Debug|Win32 = Debug|Win32
		Release|Win32 = Release|Win32
	EndGlobalSection
	GlobalSection(ProjectConfigurationPlatforms) = postSolution
		{B12AF616-22BC-4E7F-BBC2-BAD28C275E62}.Debug|Win32.ActiveCfg = Debug|Win32
		{B12AF616-22BC-4E7F-BBC2-BAD28C275E62}.Debug|Win32.Build.0 = Debug|Win32
		{B12AF616-22BC-4E7F-BBC2-BAD28C275E62}.Release|Win32.ActiveCfg = Release|Win32
		{B12AF616-22BC-4E7F-BBC2-BAD28C275E62}.Release|Win32.Build.0 = Release|Win32
		{38AF65D0-1BE0-485C-8ED8-F9E31DD80B87}.Debug|Win32.ActiveCfg = Debug|Win32
		{38AF65D0-1BE0-485C-8ED8-F9E31DD80B87}.Debug|Win32.Build.0 = Debug|Win32
		{38AF65D0-1BE0-485C-8ED8-F9E31DD80B87}.Release|Win32.ActiveCfg = Release|Win32
		{38AF65D0-1BE0-485C-8ED8-F9E31DD80B87}.Release|Win32.Build.0 = Release|Win32
	EndGlobalSection
	GlobalSection(SolutionProperties) = preSolution
		HideSolutionNode = FALSE
	EndGlobalSection
EndGlobal
